{
  "requires": true,
  "lockfileVersion": 1,
  "dependencies": {
    "@prisma/bar": {
      "version": "0.0.1",
      "resolved": "https://registry.npmjs.org/@prisma/bar/-/bar-0.0.1.tgz",
      "integrity": "sha512-FVLhwVkbfhXlBhroWfIXMLi+3Jh9IEzYp+9z+MUUiw3ZsbcoAil7CN9/QIjHc4/TcCRyRfuSmT7qCnn4O+TjJw==",
      "dev": true
    },
    "@prisma/cli": {
      "version": "2.13.0",
      "resolved": "https://registry.npmjs.org/@prisma/cli/-/cli-2.13.0.tgz",
      "integrity": "sha512-1hTj9H6gVIH5J5GPQVfeHiYFxUv09HVoThGr0Z2ds4JkVMRw///ZXll7pQJvaF7DUheg7dCNf+AXvwmpfm75tg==",
      "dev": true,
      "requires": {
        "@prisma/bar": "^0.0.1",
        "@prisma/engines": "2.13.0-32.833ab05d2a20e822f6736a39a27de4fc8f6b3e49"
      }
    },
    "@prisma/engines": {
      "version": "2.13.0-32.833ab05d2a20e822f6736a39a27de4fc8f6b3e49",
      "resolved": "https://registry.npmjs.org/@prisma/engines/-/engines-2.13.0-32.833ab05d2a20e822f6736a39a27de4fc8f6b3e49.tgz",
      "integrity": "sha512-BntRdj/uJQMPRXzcYJv80+NtMq+m6f+PIcCTzOUqKerEo53+ynm4bHo2ocLRLS4XtWovGummDlVgZxgWTRhkAw==",
      "dev": true
    }
  }
}
